// !$*UTF8*$!
{
	archiveVersion = 1;
	classes = {
	};
	objectVersion = 48;
	objects = {

/* Begin PBXBuildFile section */
		5646FB5720776DE9002A6BAA /* ImageDownloader.swift in Sources */ = {isa = PBXBuildFile; fileRef = 5646FB5620776DE9002A6BAA /* ImageDownloader.swift */; };
		5697B004207732A300830A13 /* AppDelegate.swift in Sources */ = {isa = PBXBuildFile; fileRef = 5697B003207732A300830A13 /* AppDelegate.swift */; };
		5697B006207732A300830A13 /* ViewController.swift in Sources */ = {isa = PBXBuildFile; fileRef = 5697B005207732A300830A13 /* ViewController.swift */; };
		5697B009207732A300830A13 /* Main.storyboard in Resources */ = {isa = PBXBuildFile; fileRef = 5697B007207732A300830A13 /* Main.storyboard */; };
		5697B00B207732A300830A13 /* Assets.xcassets in Resources */ = {isa = PBXBuildFile; fileRef = 5697B00A207732A300830A13 /* Assets.xcassets */; };
		5697B00E207732A300830A13 /* LaunchScreen.storyboard in Resources */ = {isa = PBXBuildFile; fileRef = 5697B00C207732A300830A13 /* LaunchScreen.storyboard */; };
		5697B016207734C700830A13 /* InstaCell.swift in Sources */ = {isa = PBXBuildFile; fileRef = 5697B015207734C700830A13 /* InstaCell.swift */; };
		5697B018207735A300830A13 /* InstaModel.swift in Sources */ = {isa = PBXBuildFile; fileRef = 5697B017207735A300830A13 /* InstaModel.swift */; };
		5697B01C2077376D00830A13 /* ApiHandler.swift in Sources */ = {isa = PBXBuildFile; fileRef = 5697B01B2077376D00830A13 /* ApiHandler.swift */; };
		5697B020207737CC00830A13 /* Constants.swift in Sources */ = {isa = PBXBuildFile; fileRef = 5697B01F207737CC00830A13 /* Constants.swift */; };
		5697B02620773A4900830A13 /* Utility.swift in Sources */ = {isa = PBXBuildFile; fileRef = 5697B02520773A4900830A13 /* Utility.swift */; };
/* End PBXBuildFile section */

/* Begin PBXFileReference section */
		5646FB5620776DE9002A6BAA /* ImageDownloader.swift */ = {isa = PBXFileReference; lastKnownFileType = sourcecode.swift; path = ImageDownloader.swift; sourceTree = "<group>"; };
		5697B000207732A300830A13 /* PromactTest.app */ = {isa = PBXFileReference; explicitFileType = wrapper.application; includeInIndex = 0; path = PromactTest.app; sourceTree = BUILT_PRODUCTS_DIR; };
		5697B003207732A300830A13 /* AppDelegate.swift */ = {isa = PBXFileReference; lastKnownFileType = sourcecode.swift; path = AppDelegate.swift; sourceTree = "<group>"; };
		5697B005207732A300830A13 /* ViewController.swift */ = {isa = PBXFileReference; lastKnownFileType = sourcecode.swift; path = ViewController.swift; sourceTree = "<group>"; };
		5697B008207732A300830A13 /* Base */ = {isa = PBXFileReference; lastKnownFileType = file.storyboard; name = Base; path = Base.lproj/Main.storyboard; sourceTree = "<group>"; };
		5697B00A207732A300830A13 /* Assets.xcassets */ = {isa = PBXFileReference; lastKnownFileType = folder.assetcatalog; path = Assets.xcassets; sourceTree = "<group>"; };
		5697B00D207732A300830A13 /* Base */ = {isa = PBXFileReference; lastKnownFileType = file.storyboard; name = Base; path = Base.lproj/LaunchScreen.storyboard; sourceTree = "<group>"; };
		5697B00F207732A300830A13 /* Info.plist */ = {isa = PBXFileReference; lastKnownFileType = text.plist.xml; path = Info.plist; sourceTree = "<group>"; };
		5697B015207734C700830A13 /* InstaCell.swift */ = {isa = PBXFileReference; lastKnownFileType = sourcecode.swift; path = InstaCell.swift; sourceTree = "<group>"; };
		5697B017207735A300830A13 /* InstaModel.swift */ = {isa = PBXFileReference; lastKnownFileType = sourcecode.swift; path = InstaModel.swift; sourceTree = "<group>"; };
		5697B01B2077376D00830A13 /* ApiHandler.swift */ = {isa = PBXFileReference; lastKnownFileType = sourcecode.swift; path = ApiHandler.swift; sourceTree = "<group>"; };
		5697B01F207737CC00830A13 /* Constants.swift */ = {isa = PBXFileReference; lastKnownFileType = sourcecode.swift; path = Constants.swift; sourceTree = "<group>"; };
		5697B02520773A4900830A13 /* Utility.swift */ = {isa = PBXFileReference; lastKnownFileType = sourcecode.swift; path = Utility.swift; sourceTree = "<group>"; };
/* End PBXFileReference section */

/* Begin PBXFrameworksBuildPhase section */
		5697AFFD207732A300830A13 /* Frameworks */ = {
			isa = PBXFrameworksBuildPhase;
			buildActionMask = 2147483647;
			files = (
			);
			runOnlyForDeploymentPostprocessing = 0;
		};
/* End PBXFrameworksBuildPhase section */

/* Begin PBXGroup section */
		5697AFF7207732A300830A13 = {
			isa = PBXGroup;
			children = (
				5697B002207732A300830A13 /* PromactTest */,
				5697B001207732A300830A13 /* Products */,
			);
			sourceTree = "<group>";
		};
		5697B001207732A300830A13 /* Products */ = {
			isa = PBXGroup;
			children = (
				5697B000207732A300830A13 /* PromactTest.app */,
			);
			name = Products;
			sourceTree = "<group>";
		};
		5697B002207732A300830A13 /* PromactTest */ = {
			isa = PBXGroup;
			children = (
				5697B003207732A300830A13 /* AppDelegate.swift */,
				5697B09220774F2200830A13 /* Controllers */,
				5697B09120774F1400830A13 /* Storyboards */,
				5697B08F20774EE600830A13 /* CustomCells */,
				5697B08E20774EE100830A13 /* Models */,
				5697B08D20774ED100830A13 /* Utils */,
				5697B00A207732A300830A13 /* Assets.xcassets */,
				5697B00F207732A300830A13 /* Info.plist */,
			);
			path = PromactTest;
			sourceTree = "<group>";
		};
		5697B08D20774ED100830A13 /* Utils */ = {
			isa = PBXGroup;
			children = (
				5697B09020774EF400830A13 /* Networkutils */,
				5697B01F207737CC00830A13 /* Constants.swift */,
				5697B02520773A4900830A13 /* Utility.swift */,
			);
			path = Utils;
			sourceTree = "<group>";
		};
		5697B08E20774EE100830A13 /* Models */ = {
			isa = PBXGroup;
			children = (
				5697B017207735A300830A13 /* InstaModel.swift */,
			);
			path = Models;
			sourceTree = "<group>";
		};
		5697B08F20774EE600830A13 /* CustomCells */ = {
			isa = PBXGroup;
			children = (
				5697B015207734C700830A13 /* InstaCell.swift */,
			);
			path = CustomCells;
			sourceTree = "<group>";
		};
		5697B09020774EF400830A13 /* Networkutils */ = {
			isa = PBXGroup;
			children = (
				5697B01B2077376D00830A13 /* ApiHandler.swift */,
				5646FB5620776DE9002A6BAA /* ImageDownloader.swift */,
			);
			path = Networkutils;
			sourceTree = "<group>";
		};
		5697B09120774F1400830A13 /* Storyboards */ = {
			isa = PBXGroup;
			children = (
				5697B007207732A300830A13 /* Main.storyboard */,
				5697B00C207732A300830A13 /* LaunchScreen.storyboard */,
			);
			path = Storyboards;
			sourceTree = "<group>";
		};
		5697B09220774F2200830A13 /* Controllers */ = {
			isa = PBXGroup;
			children = (
				5697B005207732A300830A13 /* ViewController.swift */,
			);
			path = Controllers;
			sourceTree = "<group>";
		};
/* End PBXGroup section */

/* Begin PBXNativeTarget section */
		5697AFFF207732A300830A13 /* PromactTest */ = {
			isa = PBXNativeTarget;
			buildConfigurationList = 5697B012207732A300830A13 /* Build configuration list for PBXNativeTarget "PromactTest" */;
			buildPhases = (
				5697AFFC207732A300830A13 /* Sources */,
				5697AFFD207732A300830A13 /* Frameworks */,
				5697AFFE207732A300830A13 /* Resources */,
			);
			buildRules = (
			);
			dependencies = (
			);
			name = PromactTest;
			productName = PromactTest;
			productReference = 5697B000207732A300830A13 /* PromactTest.app */;
			productType = "com.apple.product-type.application";
		};
/* End PBXNativeTarget section */

/* Begin PBXProject section */
		5697AFF8207732A300830A13 /* Project object */ = {
			isa = PBXProject;
			attributes = {
				LastSwiftUpdateCheck = 0920;
				LastUpgradeCheck = 0920;
				ORGANIZATIONNAME = Hardik;
				TargetAttributes = {
					5697AFFF207732A300830A13 = {
						CreatedOnToolsVersion = 9.2;
						ProvisioningStyle = Manual;
					};
				};
			};
			buildConfigurationList = 5697AFFB207732A300830A13 /* Build configuration list for PBXProject "PromactTest" */;
			compatibilityVersion = "Xcode 8.0";
			developmentRegion = en;
			hasScannedForEncodings = 0;
			knownRegions = (
				en,
				Base,
			);
			mainGroup = 5697AFF7207732A300830A13;
			productRefGroup = 5697B001207732A300830A13 /* Products */;
			projectDirPath = "";
			projectRoot = "";
			targets = (
				5697AFFF207732A300830A13 /* PromactTest */,
			);
		};
/* End PBXProject section */

/* Begin PBXResourcesBuildPhase section */
		5697AFFE207732A300830A13 /* Resources */ = {
			isa = PBXResourcesBuildPhase;
			buildActionMask = 2147483647;
			files = (
				5697B00E207732A300830A13 /* LaunchScreen.storyboard in Resources */,
				5697B00B207732A300830A13 /* Assets.xcassets in Resources */,
				5697B009207732A300830A13 /* Main.storyboard in Resources */,
			);
			runOnlyForDeploymentPostprocessing = 0;
		};
/* End PBXResourcesBuildPhase section */

/* Begin PBXSourcesBuildPhase section */
		5697AFFC207732A300830A13 /* Sources */ = {
			isa = PBXSourcesBuildPhase;
			buildActionMask = 2147483647;
			files = (
				5697B02620773A4900830A13 /* Utility.swift in Sources */,
				5697B006207732A300830A13 /* ViewController.swift in Sources */,
				5697B01C2077376D00830A13 /* ApiHandler.swift in Sources */,
				5697B004207732A300830A13 /* AppDelegate.swift in Sources */,
				5697B020207737CC00830A13 /* Constants.swift in Sources */,
				5697B016207734C700830A13 /* InstaCell.swift in Sources */,
				5646FB5720776DE9002A6BAA /* ImageDownloader.swift in Sources */,
				5697B018207735A300830A13 /* InstaModel.swift in Sources */,
			);
			runOnlyForDeploymentPostprocessing = 0;
		};
/* End PBXSourcesBuildPhase section */

/* Begin PBXVariantGroup section */
		5697B007207732A300830A13 /* Main.storyboard */ = {
			isa = PBXVariantGroup;
			children = (
				5697B008207732A300830A13 /* Base */,
			);
			name = Main.storyboard;
			sourceTree = "<group>";
		};
		5697B00C207732A300830A13 /* LaunchScreen.storyboard */ = {
			isa = PBXVariantGroup;
			children = (
				5697B00D207732A300830A13 /* Base */,
			);
			name = LaunchScreen.storyboard;
			sourceTree = "<group>";
		};
/* End PBXVariantGroup section */

/* Begin XCBuildConfiguration section */
		5697B010207732A300830A13 /* Debug */ = {
			isa = XCBuildConfiguration;
			buildSettings = {
				ALWAYS_SEARCH_USER_PATHS = NO;
				CLANG_ANALYZER_NONNULL = YES;
				CLANG_ANALYZER_NUMBER_OBJECT_CONVERSION = YES_AGGRESSIVE;
				CLANG_CXX_LANGUAGE_STANDARD = "gnu++14";
				CLANG_CXX_LIBRARY = "libc++";
				CLANG_ENABLE_MODULES = YES;
				CLANG_ENABLE_OBJC_ARC = YES;
				CLANG_WARN_BLOCK_CAPTURE_AUTORELEASING = YES;
				CLANG_WARN_BOOL_CONVERSION = YES;
				CLANG_WARN_COMMA = YES;
				CLANG_WARN_CONSTANT_CONVERSION = YES;
				CLANG_WARN_DIRECT_OBJC_ISA_USAGE = YES_ERROR;
				CLANG_WARN_DOCUMENTATION_COMMENTS = YES;
				CLANG_WARN_EMPTY_BODY = YES;
				CLANG_WARN_ENUM_CONVERSION = YES;
				CLANG_WARN_INFINITE_RECURSION = YES;
				CLANG_WARN_INT_CONVERSION = YES;
				CLANG_WARN_NON_LITERAL_NULL_CONVERSION = YES;
				CLANG_WARN_OBJC_LITERAL_CONVERSION = YES;
				CLANG_WARN_OBJC_ROOT_CLASS = YES_ERROR;
				CLANG_WARN_RANGE_LOOP_ANALYSIS = YES;
				CLANG_WARN_STRICT_PROTOTYPES = YES;
				CLANG_WARN_SUSPICIOUS_MOVE = YES;
				CLANG_WARN_UNGUARDED_AVAILABILITY = YES_AGGRESSIVE;
				CLANG_WARN_UNREACHABLE_CODE = YES;
				CLANG_WARN__DUPLICATE_METHOD_MATCH = YES;
				CODE_SIGN_IDENTITY = "iPhone Developer";
				COPY_PHASE_STRIP = NO;
				DEBUG_INFORMATION_FORMAT = dwarf;
				ENABLE_STRICT_OBJC_MSGSEND = YES;
				ENABLE_TESTABILITY = YES;
				GCC_C_LANGUAGE_STANDARD = gnu11;
				GCC_DYNAMIC_NO_PIC = NO;
				GCC_NO_COMMON_BLOCKS = YES;
				GCC_OPTIMIZATION_LEVEL = 0;
				GCC_PREPROCESSOR_DEFINITIONS = (
					"DEBUG=1",
					"$(inherited)",
				);
				GCC_WARN_64_TO_32_BIT_CONVERSION = YES;
				GCC_WARN_ABOUT_RETURN_TYPE = YES_ERROR;
				GCC_WARN_UNDECLARED_SELECTOR = YES;
				GCC_WARN_UNINITIALIZED_AUTOS = YES_AGGRESSIVE;
				GCC_WARN_UNUSED_FUNCTION = YES;
				GCC_WARN_UNUSED_VARIABLE = YES;
				IPHONEOS_DEPLOYMENT_TARGET = 11.2;
				MTL_ENABLE_DEBUG_INFO = YES;
				ONLY_ACTIVE_ARCH = YES;
				SDKROOT = iphoneos;
				SWIFT_ACTIVE_COMPILATION_CONDITIONS = DEBUG;
				SWIFT_OPTIMIZATION_LEVEL = "-Onone";
			};
			name = Debug;
		};
		5697B011207732A300830A13 /* Release */ = {
			isa = XCBuildConfiguration;
			buildSettings = {
				ALWAYS_SEARCH_USER_PATHS = NO;
				CLANG_ANALYZER_NONNULL = YES;
				CLANG_ANALYZER_NUMBER_OBJECT_CONVERSION = YES_AGGRESSIVE;
				CLANG_CXX_LANGUAGE_STANDARD = "gnu++14";
				CLANG_CXX_LIBRARY = "libc++";
				CLANG_ENABLE_MODULES = YES;
				CLANG_ENABLE_OBJC_ARC = YES;
				CLANG_WARN_BLOCK_CAPTURE_AUTORELEASING = YES;
				CLANG_WARN_BOOL_CONVERSION = YES;
				CLANG_WARN_COMMA = YES;
				CLANG_WARN_CONSTANT_CONVERSION = YES;
				CLANG_WARN_DIRECT_OBJC_ISA_USAGE = YES_ERROR;
				CLANG_WARN_DOCUMENTATION_COMMENTS = YES;
				CLANG_WARN_EMPTY_BODY = YES;
				CLANG_WARN_ENUM_CONVERSION = YES;
				CLANG_WARN_INFINITE_RECURSION = YES;
				CLANG_WARN_INT_CONVERSION = YES;
				CLANG_WARN_NON_LITERAL_NULL_CONVERSION = YES;
				CLANG_WARN_OBJC_LITERAL_CONVERSION = YES;
				CLANG_WARN_OBJC_ROOT_CLASS = YES_ERROR;
				CLANG_WARN_RANGE_LOOP_ANALYSIS = YES;
				CLANG_WARN_STRICT_PROTOTYPES = YES;
				CLANG_WARN_SUSPICIOUS_MOVE = YES;
				CLANG_WARN_UNGUARDED_AVAILABILITY = YES_AGGRESSIVE;
				CLANG_WARN_UNREACHABLE_CODE = YES;
				CLANG_WARN__DUPLICATE_METHOD_MATCH = YES;
				CODE_SIGN_IDENTITY = "iPhone Developer";
				COPY_PHASE_STRIP = NO;
				DEBUG_INFORMATION_FORMAT = "dwarf-with-dsym";
				ENABLE_NS_ASSERTIONS = NO;
				ENABLE_STRICT_OBJC_MSGSEND = YES;
				GCC_C_LANGUAGE_STANDARD = gnu11;
				GCC_NO_COMMON_BLOCKS = YES;
				GCC_WARN_64_TO_32_BIT_CONVERSION = YES;
				GCC_WARN_ABOUT_RETURN_TYPE = YES_ERROR;
				GCC_WARN_UNDECLARED_SELECTOR = YES;
				GCC_WARN_UNINITIALIZED_AUTOS = YES_AGGRESSIVE;
				GCC_WARN_UNUSED_FUNCTION = YES;
				GCC_WARN_UNUSED_VARIABLE = YES;
				IPHONEOS_DEPLOYMENT_TARGET = 11.2;
				MTL_ENABLE_DEBUG_INFO = NO;
				SDKROOT = iphoneos;
				SWIFT_OPTIMIZATION_LEVEL = "-Owholemodule";
				VALIDATE_PRODUCT = YES;
			};
			name = Release;
		};
		5697B013207732A300830A13 /* Debug */ = {
			isa = XCBuildConfiguration;
			buildSettings = {
				ASSETCATALOG_COMPILER_APPICON_NAME = AppIcon;
				CODE_SIGN_STYLE = Manual;
				DEVELOPMENT_TEAM = UX2DMHY9BX;
				INFOPLIST_FILE = PromactTest/Info.plist;
				IPHONEOS_DEPLOYMENT_TARGET = 9.0;
				LD_RUNPATH_SEARCH_PATHS = "$(inherited) @executable_path/Frameworks";
				PRODUCT_BUNDLE_IDENTIFIER = com.hardikTest..PromactTest;
				PRODUCT_NAME = "$(TARGET_NAME)";
				PROVISIONING_PROFILE = "7172a6aa-842e-4939-b55a-98f5747bc2b9";
				PROVISIONING_PROFILE_SPECIFIER = WildCard_Dev;
				SWIFT_OBJC_BRIDGING_HEADER = "";
				SWIFT_VERSION = 4.0;
				TARGETED_DEVICE_FAMILY = "1,2";
			};
			name = Debug;
		};
		5697B014207732A300830A13 /* Release */ = {
			isa = XCBuildConfiguration;
			buildSettings = {
				ASSETCATALOG_COMPILER_APPICON_NAME = AppIcon;
				CODE_SIGN_STYLE = Manual;
				DEVELOPMENT_TEAM = UX2DMHY9BX;
				INFOPLIST_FILE = PromactTest/Info.plist;
				IPHONEOS_DEPLOYMENT_TARGET = 9.0;
				LD_RUNPATH_SEARCH_PATHS = "$(inherited) @executable_path/Frameworks";
				PRODUCT_BUNDLE_IDENTIFIER = com.hardikTest..PromactTest;
				PRODUCT_NAME = "$(TARGET_NAME)";
				PROVISIONING_PROFILE = "7172a6aa-842e-4939-b55a-98f5747bc2b9";
				PROVISIONING_PROFILE_SPECIFIER = WildCard_Dev;
				SWIFT_OBJC_BRIDGING_HEADER = "";
				SWIFT_VERSION = 4.0;
				TARGETED_DEVICE_FAMILY = "1,2";
			};
			name = Release;
		};
/* End XCBuildConfiguration section */

/* Begin XCConfigurationList section */
		5697AFFB207732A300830A13 /* Build configuration list for PBXProject "PromactTest" */ = {
			isa = XCConfigurationList;
			buildConfigurations = (
				5697B010207732A300830A13 /* Debug */,
				5697B011207732A300830A13 /* Release */,
			);
			defaultConfigurationIsVisible = 0;
			defaultConfigurationName = Release;
		};
		5697B012207732A300830A13 /* Build configuration list for PBXNativeTarget "PromactTest" */ = {
			isa = XCConfigurationList;
			buildConfigurations = (
				5697B013207732A300830A13 /* Debug */,
				5697B014207732A300830A13 /* Release */,
			);
			defaultConfigurationIsVisible = 0;
			defaultConfigurationName = Release;
		};
/* End XCConfigurationList section */
	};
	rootObject = 5697AFF8207732A300830A13 /* Project object */;
}
